// !$*UTF8*$!
{
	archiveVersion = 1;
	classes = {
	};
	objectVersion = 56;
	objects = {

/* Begin PBXBuildFile section */
		100634972B1303DA005CF4CB /* AlertToast in Frameworks */ = {isa = PBXBuildFile; productRef = 100634962B1303DA005CF4CB /* AlertToast */; };
		100634992B1390FA005CF4CB /* AlertView.swift in Sources */ = {isa = PBXBuildFile; fileRef = 100634982B1390FA005CF4CB /* AlertView.swift */; };
		1006349B2B13EDA8005CF4CB /* Post.swift in Sources */ = {isa = PBXBuildFile; fileRef = 1006349A2B13EDA8005CF4CB /* Post.swift */; };
		1006349D2B16D3CD005CF4CB /* NewPostView.swift in Sources */ = {isa = PBXBuildFile; fileRef = 1006349C2B16D3CD005CF4CB /* NewPostView.swift */; };
		1032E9BC2AF584F400001048 /* GoogleService-Info.plist in Resources */ = {isa = PBXBuildFile; fileRef = 1032E9BB2AF584EB00001048 /* GoogleService-Info.plist */; };
		1032E9BD2AF5851000001048 /* GoogleService-Info.plist in Resources */ = {isa = PBXBuildFile; fileRef = 1032E9BB2AF584EB00001048 /* GoogleService-Info.plist */; };
		1032E9BE2AF5851100001048 /* GoogleService-Info.plist in Resources */ = {isa = PBXBuildFile; fileRef = 1032E9BB2AF584EB00001048 /* GoogleService-Info.plist */; };
		1032E9C82AF665BF00001048 /* User.swift in Sources */ = {isa = PBXBuildFile; fileRef = 1032E9C72AF665BF00001048 /* User.swift */; };
		1032E9CA2AF66B1100001048 /* AuthViewModel.swift in Sources */ = {isa = PBXBuildFile; fileRef = 1032E9C92AF66B1100001048 /* AuthViewModel.swift */; };
		1032E9CC2AF68C8E00001048 /* LandingView.swift in Sources */ = {isa = PBXBuildFile; fileRef = 1032E9CB2AF68C8E00001048 /* LandingView.swift */; };
		1032E9CE2AF6928200001048 /* HomeView.swift in Sources */ = {isa = PBXBuildFile; fileRef = 1032E9CD2AF6928200001048 /* HomeView.swift */; };
		1032E9D22AF7D53B00001048 /* ProfileImage.swift in Sources */ = {isa = PBXBuildFile; fileRef = 1032E9D12AF7D53B00001048 /* ProfileImage.swift */; };
		1032E9D62AF7FFEB00001048 /* Step1View.swift in Sources */ = {isa = PBXBuildFile; fileRef = 1032E9D52AF7FFEB00001048 /* Step1View.swift */; };
		1032E9D92AF8580C00001048 /* Step2View.swift in Sources */ = {isa = PBXBuildFile; fileRef = 1032E9D82AF8580C00001048 /* Step2View.swift */; };
		1032E9DB2AF9172F00001048 /* Step3View.swift in Sources */ = {isa = PBXBuildFile; fileRef = 1032E9DA2AF9172F00001048 /* Step3View.swift */; };
		1032E9DD2AF9E43B00001048 /* Chat.swift in Sources */ = {isa = PBXBuildFile; fileRef = 1032E9DC2AF9E43B00001048 /* Chat.swift */; };
		1032E9E02AF9E54000001048 /* MessageBubble.swift in Sources */ = {isa = PBXBuildFile; fileRef = 1032E9DF2AF9E54000001048 /* MessageBubble.swift */; };
		1032E9E22AF9EB3800001048 /* TopRow.swift in Sources */ = {isa = PBXBuildFile; fileRef = 1032E9E12AF9EB3800001048 /* TopRow.swift */; };
		1032E9E42AF9EE4A00001048 /* ChatView.swift in Sources */ = {isa = PBXBuildFile; fileRef = 1032E9E32AF9EE4A00001048 /* ChatView.swift */; };
		1032E9E72AF9F41D00001048 /* Extensions.swift in Sources */ = {isa = PBXBuildFile; fileRef = 1032E9E62AF9F41D00001048 /* Extensions.swift */; };
		1032E9E92AF9F99100001048 /* MessageField.swift in Sources */ = {isa = PBXBuildFile; fileRef = 1032E9E82AF9F99100001048 /* MessageField.swift */; };
		1032E9EB2AFB1BDC00001048 /* MessageViewModel.swift in Sources */ = {isa = PBXBuildFile; fileRef = 1032E9EA2AFB1BDC00001048 /* MessageViewModel.swift */; };
		1032E9ED2AFB1E5300001048 /* AllChatsView.swift in Sources */ = {isa = PBXBuildFile; fileRef = 1032E9EC2AFB1E5300001048 /* AllChatsView.swift */; };
		10551A042B22BC0A00218E1D /* LoadingView.swift in Sources */ = {isa = PBXBuildFile; fileRef = 10551A032B22BC0A00218E1D /* LoadingView.swift */; };
		10696A2C2B2E1FDC0011FE9B /* SettingsView.swift in Sources */ = {isa = PBXBuildFile; fileRef = 10696A2B2B2E1FDC0011FE9B /* SettingsView.swift */; };
		10696A2F2B3248CF0011FE9B /* FirebaseStorage in Frameworks */ = {isa = PBXBuildFile; productRef = 10696A2E2B3248CF0011FE9B /* FirebaseStorage */; };
		10696A312B3248E00011FE9B /* FirebaseAuth in Frameworks */ = {isa = PBXBuildFile; productRef = 10696A302B3248E00011FE9B /* FirebaseAuth */; };
		10696A332B3248F80011FE9B /* FirebaseDatabase in Frameworks */ = {isa = PBXBuildFile; productRef = 10696A322B3248F80011FE9B /* FirebaseDatabase */; };
		10696A352B3249030011FE9B /* FirebaseMessaging in Frameworks */ = {isa = PBXBuildFile; productRef = 10696A342B3249030011FE9B /* FirebaseMessaging */; };
		10696A372B3249390011FE9B /* FirebaseFirestore in Frameworks */ = {isa = PBXBuildFile; productRef = 10696A362B3249390011FE9B /* FirebaseFirestore */; };
		10696A3B2B3259530011FE9B /* AppDelegate.swift in Sources */ = {isa = PBXBuildFile; fileRef = 10696A3A2B3259530011FE9B /* AppDelegate.swift */; };
		108C32972B1976FB008F59F9 /* PostDetailView.swift in Sources */ = {isa = PBXBuildFile; fileRef = 108C32962B1976FB008F59F9 /* PostDetailView.swift */; };
		108C32992B1D4AB3008F59F9 /* NotificationViewModel.swift in Sources */ = {isa = PBXBuildFile; fileRef = 108C32982B1D4AB3008F59F9 /* NotificationViewModel.swift */; };
		108C329B2B1FD103008F59F9 /* OtherUserProfileView.swift in Sources */ = {isa = PBXBuildFile; fileRef = 108C329A2B1FD103008F59F9 /* OtherUserProfileView.swift */; };
		108D36C72AF57C6A005DAD22 /* GolfAppApp.swift in Sources */ = {isa = PBXBuildFile; fileRef = 108D36C62AF57C6A005DAD22 /* GolfAppApp.swift */; };
		108D36C92AF57C6A005DAD22 /* LoginView.swift in Sources */ = {isa = PBXBuildFile; fileRef = 108D36C82AF57C6A005DAD22 /* LoginView.swift */; };
		108D36CB2AF57C6B005DAD22 /* Assets.xcassets in Resources */ = {isa = PBXBuildFile; fileRef = 108D36CA2AF57C6B005DAD22 /* Assets.xcassets */; };
		108D36CE2AF57C6B005DAD22 /* Preview Assets.xcassets in Resources */ = {isa = PBXBuildFile; fileRef = 108D36CD2AF57C6B005DAD22 /* Preview Assets.xcassets */; };
		108D36D82AF57C6C005DAD22 /* GolfAppTests.swift in Sources */ = {isa = PBXBuildFile; fileRef = 108D36D72AF57C6C005DAD22 /* GolfAppTests.swift */; };
		108D36E22AF57C6C005DAD22 /* GolfAppUITests.swift in Sources */ = {isa = PBXBuildFile; fileRef = 108D36E12AF57C6C005DAD22 /* GolfAppUITests.swift */; };
		108D36E42AF57C6C005DAD22 /* GolfAppUITestsLaunchTests.swift in Sources */ = {isa = PBXBuildFile; fileRef = 108D36E32AF57C6C005DAD22 /* GolfAppUITestsLaunchTests.swift */; };
		108D36F42AF57FB0005DAD22 /* RegisterView.swift in Sources */ = {isa = PBXBuildFile; fileRef = 108D36F32AF57FB0005DAD22 /* RegisterView.swift */; };
		108D36F62AF582AB005DAD22 /* ProfileView.swift in Sources */ = {isa = PBXBuildFile; fileRef = 108D36F52AF582AB005DAD22 /* ProfileView.swift */; };
		10B0C3A72B369F59003C6F31 /* PopoverScoreCardView.swift in Sources */ = {isa = PBXBuildFile; fileRef = 10B0C3A62B369F59003C6F31 /* PopoverScoreCardView.swift */; };
		10B0C3A92B38AD70003C6F31 /* CourseSearchViewModel.swift in Sources */ = {isa = PBXBuildFile; fileRef = 10B0C3A82B38AD70003C6F31 /* CourseSearchViewModel.swift */; };
		10B1D35F2B0C2BEB004D45E7 /* AllChatCellView.swift in Sources */ = {isa = PBXBuildFile; fileRef = 10B1D35E2B0C2BEB004D45E7 /* AllChatCellView.swift */; };
		10B1D3612B0D42C2004D45E7 /* NewMessageView.swift in Sources */ = {isa = PBXBuildFile; fileRef = 10B1D3602B0D42C2004D45E7 /* NewMessageView.swift */; };
		10B1D3642B0D6F75004D45E7 /* NewChatView.swift in Sources */ = {isa = PBXBuildFile; fileRef = 10B1D3632B0D6F75004D45E7 /* NewChatView.swift */; };
		10B1D3662B0EBA40004D45E7 /* ScoreCardView.swift in Sources */ = {isa = PBXBuildFile; fileRef = 10B1D3652B0EBA40004D45E7 /* ScoreCardView.swift */; };
		10B1D3682B100AA0004D45E7 /* PostView.swift in Sources */ = {isa = PBXBuildFile; fileRef = 10B1D3672B100AA0004D45E7 /* PostView.swift */; };
		10B1D36A2B103F7A004D45E7 /* ProfileHeadingView.swift in Sources */ = {isa = PBXBuildFile; fileRef = 10B1D3692B103F7A004D45E7 /* ProfileHeadingView.swift */; };
		10B1D36C2B10403E004D45E7 /* ProfileInfoView.swift in Sources */ = {isa = PBXBuildFile; fileRef = 10B1D36B2B10403E004D45E7 /* ProfileInfoView.swift */; };
		10B1D36F2B10425D004D45E7 /* EditProfileView.swift in Sources */ = {isa = PBXBuildFile; fileRef = 10B1D36E2B10425D004D45E7 /* EditProfileView.swift */; };
		10B1D3732B1102D7004D45E7 /* SearchDetailView.swift in Sources */ = {isa = PBXBuildFile; fileRef = 10B1D3722B1102D7004D45E7 /* SearchDetailView.swift */; };
		10B1D3752B110A73004D45E7 /* PersonCellView.swift in Sources */ = {isa = PBXBuildFile; fileRef = 10B1D3742B110A73004D45E7 /* PersonCellView.swift */; };
		17B0689C6B5B8076204FC69D /* Pods_GolfApp.framework in Frameworks */ = {isa = PBXBuildFile; fileRef = 00941C7DA6F54FA2FEAEC180 /* Pods_GolfApp.framework */; };
/* End PBXBuildFile section */

/* Begin PBXContainerItemProxy section */
		108D36D42AF57C6C005DAD22 /* PBXContainerItemProxy */ = {
			isa = PBXContainerItemProxy;
			containerPortal = 108D36BB2AF57C6A005DAD22 /* Project object */;
			proxyType = 1;
			remoteGlobalIDString = 108D36C22AF57C6A005DAD22;
			remoteInfo = GolfApp;
		};
		108D36DE2AF57C6C005DAD22 /* PBXContainerItemProxy */ = {
			isa = PBXContainerItemProxy;
			containerPortal = 108D36BB2AF57C6A005DAD22 /* Project object */;
			proxyType = 1;
			remoteGlobalIDString = 108D36C22AF57C6A005DAD22;
			remoteInfo = GolfApp;
		};
/* End PBXContainerItemProxy section */

/* Begin PBXFileReference section */
		00941C7DA6F54FA2FEAEC180 /* Pods_GolfApp.framework */ = {isa = PBXFileReference; explicitFileType = wrapper.framework; includeInIndex = 0; path = Pods_GolfApp.framework; sourceTree = BUILT_PRODUCTS_DIR; };
		100634982B1390FA005CF4CB /* AlertView.swift */ = {isa = PBXFileReference; lastKnownFileType = sourcecode.swift; path = AlertView.swift; sourceTree = "<group>"; };
		1006349A2B13EDA8005CF4CB /* Post.swift */ = {isa = PBXFileReference; lastKnownFileType = sourcecode.swift; path = Post.swift; sourceTree = "<group>"; };
		1006349C2B16D3CD005CF4CB /* NewPostView.swift */ = {isa = PBXFileReference; lastKnownFileType = sourcecode.swift; path = NewPostView.swift; sourceTree = "<group>"; };
		1032E9BB2AF584EB00001048 /* GoogleService-Info.plist */ = {isa = PBXFileReference; lastKnownFileType = text.plist; path = "GoogleService-Info.plist"; sourceTree = SOURCE_ROOT; };
		1032E9C72AF665BF00001048 /* User.swift */ = {isa = PBXFileReference; lastKnownFileType = sourcecode.swift; path = User.swift; sourceTree = "<group>"; };
		1032E9C92AF66B1100001048 /* AuthViewModel.swift */ = {isa = PBXFileReference; lastKnownFileType = sourcecode.swift; path = AuthViewModel.swift; sourceTree = "<group>"; };
		1032E9CB2AF68C8E00001048 /* LandingView.swift */ = {isa = PBXFileReference; lastKnownFileType = sourcecode.swift; path = LandingView.swift; sourceTree = "<group>"; };
		1032E9CD2AF6928200001048 /* HomeView.swift */ = {isa = PBXFileReference; lastKnownFileType = sourcecode.swift; path = HomeView.swift; sourceTree = "<group>"; };
		1032E9D12AF7D53B00001048 /* ProfileImage.swift */ = {isa = PBXFileReference; lastKnownFileType = sourcecode.swift; path = ProfileImage.swift; sourceTree = "<group>"; };
		1032E9D52AF7FFEB00001048 /* Step1View.swift */ = {isa = PBXFileReference; lastKnownFileType = sourcecode.swift; path = Step1View.swift; sourceTree = "<group>"; };
		1032E9D82AF8580C00001048 /* Step2View.swift */ = {isa = PBXFileReference; lastKnownFileType = sourcecode.swift; path = Step2View.swift; sourceTree = "<group>"; };
		1032E9DA2AF9172F00001048 /* Step3View.swift */ = {isa = PBXFileReference; lastKnownFileType = sourcecode.swift; path = Step3View.swift; sourceTree = "<group>"; };
		1032E9DC2AF9E43B00001048 /* Chat.swift */ = {isa = PBXFileReference; lastKnownFileType = sourcecode.swift; path = Chat.swift; sourceTree = "<group>"; };
		1032E9DF2AF9E54000001048 /* MessageBubble.swift */ = {isa = PBXFileReference; lastKnownFileType = sourcecode.swift; path = MessageBubble.swift; sourceTree = "<group>"; };
		1032E9E12AF9EB3800001048 /* TopRow.swift */ = {isa = PBXFileReference; lastKnownFileType = sourcecode.swift; path = TopRow.swift; sourceTree = "<group>"; };
		1032E9E32AF9EE4A00001048 /* ChatView.swift */ = {isa = PBXFileReference; lastKnownFileType = sourcecode.swift; path = ChatView.swift; sourceTree = "<group>"; };
		1032E9E62AF9F41D00001048 /* Extensions.swift */ = {isa = PBXFileReference; lastKnownFileType = sourcecode.swift; path = Extensions.swift; sourceTree = "<group>"; };
		1032E9E82AF9F99100001048 /* MessageField.swift */ = {isa = PBXFileReference; lastKnownFileType = sourcecode.swift; path = MessageField.swift; sourceTree = "<group>"; };
		1032E9EA2AFB1BDC00001048 /* MessageViewModel.swift */ = {isa = PBXFileReference; lastKnownFileType = sourcecode.swift; path = MessageViewModel.swift; sourceTree = "<group>"; };
		1032E9EC2AFB1E5300001048 /* AllChatsView.swift */ = {isa = PBXFileReference; lastKnownFileType = sourcecode.swift; path = AllChatsView.swift; sourceTree = "<group>"; };
		10551A032B22BC0A00218E1D /* LoadingView.swift */ = {isa = PBXFileReference; lastKnownFileType = sourcecode.swift; path = LoadingView.swift; sourceTree = "<group>"; };
		10598C1A2B38BCAF00F6CB78 /* Info.plist */ = {isa = PBXFileReference; lastKnownFileType = text.plist; path = Info.plist; sourceTree = "<group>"; };
		10696A2B2B2E1FDC0011FE9B /* SettingsView.swift */ = {isa = PBXFileReference; lastKnownFileType = sourcecode.swift; path = SettingsView.swift; sourceTree = "<group>"; };
		10696A3A2B3259530011FE9B /* AppDelegate.swift */ = {isa = PBXFileReference; lastKnownFileType = sourcecode.swift; path = AppDelegate.swift; sourceTree = "<group>"; };
		10696A3C2B325BA30011FE9B /* GolfApp.entitlements */ = {isa = PBXFileReference; lastKnownFileType = text.plist.entitlements; path = GolfApp.entitlements; sourceTree = "<group>"; };
		108C32962B1976FB008F59F9 /* PostDetailView.swift */ = {isa = PBXFileReference; lastKnownFileType = sourcecode.swift; path = PostDetailView.swift; sourceTree = "<group>"; };
		108C32982B1D4AB3008F59F9 /* NotificationViewModel.swift */ = {isa = PBXFileReference; lastKnownFileType = sourcecode.swift; path = NotificationViewModel.swift; sourceTree = "<group>"; };
		108C329A2B1FD103008F59F9 /* OtherUserProfileView.swift */ = {isa = PBXFileReference; lastKnownFileType = sourcecode.swift; path = OtherUserProfileView.swift; sourceTree = "<group>"; };
		108D36C32AF57C6A005DAD22 /* GolfApp.app */ = {isa = PBXFileReference; explicitFileType = wrapper.application; includeInIndex = 0; path = GolfApp.app; sourceTree = BUILT_PRODUCTS_DIR; };
		108D36C62AF57C6A005DAD22 /* GolfAppApp.swift */ = {isa = PBXFileReference; lastKnownFileType = sourcecode.swift; path = GolfAppApp.swift; sourceTree = "<group>"; };
		108D36C82AF57C6A005DAD22 /* LoginView.swift */ = {isa = PBXFileReference; lastKnownFileType = sourcecode.swift; path = LoginView.swift; sourceTree = "<group>"; };
		108D36CA2AF57C6B005DAD22 /* Assets.xcassets */ = {isa = PBXFileReference; lastKnownFileType = folder.assetcatalog; path = Assets.xcassets; sourceTree = "<group>"; };
		108D36CD2AF57C6B005DAD22 /* Preview Assets.xcassets */ = {isa = PBXFileReference; lastKnownFileType = folder.assetcatalog; path = "Preview Assets.xcassets"; sourceTree = "<group>"; };
		108D36D32AF57C6C005DAD22 /* GolfAppTests.xctest */ = {isa = PBXFileReference; explicitFileType = wrapper.cfbundle; includeInIndex = 0; path = GolfAppTests.xctest; sourceTree = BUILT_PRODUCTS_DIR; };
		108D36D72AF57C6C005DAD22 /* GolfAppTests.swift */ = {isa = PBXFileReference; lastKnownFileType = sourcecode.swift; path = GolfAppTests.swift; sourceTree = "<group>"; };
		108D36DD2AF57C6C005DAD22 /* GolfAppUITests.xctest */ = {isa = PBXFileReference; explicitFileType = wrapper.cfbundle; includeInIndex = 0; path = GolfAppUITests.xctest; sourceTree = BUILT_PRODUCTS_DIR; };
		108D36E12AF57C6C005DAD22 /* GolfAppUITests.swift */ = {isa = PBXFileReference; lastKnownFileType = sourcecode.swift; path = GolfAppUITests.swift; sourceTree = "<group>"; };
		108D36E32AF57C6C005DAD22 /* GolfAppUITestsLaunchTests.swift */ = {isa = PBXFileReference; lastKnownFileType = sourcecode.swift; path = GolfAppUITestsLaunchTests.swift; sourceTree = "<group>"; };
		108D36F32AF57FB0005DAD22 /* RegisterView.swift */ = {isa = PBXFileReference; lastKnownFileType = sourcecode.swift; path = RegisterView.swift; sourceTree = "<group>"; };
		108D36F52AF582AB005DAD22 /* ProfileView.swift */ = {isa = PBXFileReference; lastKnownFileType = sourcecode.swift; path = ProfileView.swift; sourceTree = "<group>"; };
		10B0C3A62B369F59003C6F31 /* PopoverScoreCardView.swift */ = {isa = PBXFileReference; lastKnownFileType = sourcecode.swift; path = PopoverScoreCardView.swift; sourceTree = "<group>"; };
		10B0C3A82B38AD70003C6F31 /* CourseSearchViewModel.swift */ = {isa = PBXFileReference; lastKnownFileType = sourcecode.swift; path = CourseSearchViewModel.swift; sourceTree = "<group>"; };
		10B1D35E2B0C2BEB004D45E7 /* AllChatCellView.swift */ = {isa = PBXFileReference; lastKnownFileType = sourcecode.swift; path = AllChatCellView.swift; sourceTree = "<group>"; };
		10B1D3602B0D42C2004D45E7 /* NewMessageView.swift */ = {isa = PBXFileReference; lastKnownFileType = sourcecode.swift; path = NewMessageView.swift; sourceTree = "<group>"; };
		10B1D3632B0D6F75004D45E7 /* NewChatView.swift */ = {isa = PBXFileReference; lastKnownFileType = sourcecode.swift; path = NewChatView.swift; sourceTree = "<group>"; };
		10B1D3652B0EBA40004D45E7 /* ScoreCardView.swift */ = {isa = PBXFileReference; lastKnownFileType = sourcecode.swift; path = ScoreCardView.swift; sourceTree = "<group>"; };
		10B1D3672B100AA0004D45E7 /* PostView.swift */ = {isa = PBXFileReference; lastKnownFileType = sourcecode.swift; path = PostView.swift; sourceTree = "<group>"; };
		10B1D3692B103F7A004D45E7 /* ProfileHeadingView.swift */ = {isa = PBXFileReference; lastKnownFileType = sourcecode.swift; path = ProfileHeadingView.swift; sourceTree = "<group>"; };
		10B1D36B2B10403E004D45E7 /* ProfileInfoView.swift */ = {isa = PBXFileReference; lastKnownFileType = sourcecode.swift; path = ProfileInfoView.swift; sourceTree = "<group>"; };
		10B1D36E2B10425D004D45E7 /* EditProfileView.swift */ = {isa = PBXFileReference; lastKnownFileType = sourcecode.swift; path = EditProfileView.swift; sourceTree = "<group>"; };
		10B1D3722B1102D7004D45E7 /* SearchDetailView.swift */ = {isa = PBXFileReference; lastKnownFileType = sourcecode.swift; path = SearchDetailView.swift; sourceTree = "<group>"; };
		10B1D3742B110A73004D45E7 /* PersonCellView.swift */ = {isa = PBXFileReference; lastKnownFileType = sourcecode.swift; path = PersonCellView.swift; sourceTree = "<group>"; };
		7931625F0A1C2E4CCCB735C6 /* Pods-Par Pals.release.xcconfig */ = {isa = PBXFileReference; includeInIndex = 1; lastKnownFileType = text.xcconfig; name = "Pods-Par Pals.release.xcconfig"; path = "Target Support Files/Pods-Par Pals/Pods-Par Pals.release.xcconfig"; sourceTree = "<group>"; };
		87228187871D5A3ABF20EF67 /* Pods-GolfApp.debug.xcconfig */ = {isa = PBXFileReference; includeInIndex = 1; lastKnownFileType = text.xcconfig; name = "Pods-GolfApp.debug.xcconfig"; path = "Target Support Files/Pods-GolfApp/Pods-GolfApp.debug.xcconfig"; sourceTree = "<group>"; };
		AA09D7336AA6011BA26F8649 /* Pods-Par Pals.debug.xcconfig */ = {isa = PBXFileReference; includeInIndex = 1; lastKnownFileType = text.xcconfig; name = "Pods-Par Pals.debug.xcconfig"; path = "Target Support Files/Pods-Par Pals/Pods-Par Pals.debug.xcconfig"; sourceTree = "<group>"; };
		FC6AA8F33061E5F19C105360 /* Pods-GolfApp.release.xcconfig */ = {isa = PBXFileReference; includeInIndex = 1; lastKnownFileType = text.xcconfig; name = "Pods-GolfApp.release.xcconfig"; path = "Target Support Files/Pods-GolfApp/Pods-GolfApp.release.xcconfig"; sourceTree = "<group>"; };
/* End PBXFileReference section */

/* Begin PBXFrameworksBuildPhase section */
		108D36C02AF57C6A005DAD22 /* Frameworks */ = {
			isa = PBXFrameworksBuildPhase;
			buildActionMask = 2147483647;
			files = (
				10696A352B3249030011FE9B /* FirebaseMessaging in Frameworks */,
				10696A332B3248F80011FE9B /* FirebaseDatabase in Frameworks */,
				100634972B1303DA005CF4CB /* AlertToast in Frameworks */,
				17B0689C6B5B8076204FC69D /* Pods_GolfApp.framework in Frameworks */,
				10696A2F2B3248CF0011FE9B /* FirebaseStorage in Frameworks */,
				10696A312B3248E00011FE9B /* FirebaseAuth in Frameworks */,
				10696A372B3249390011FE9B /* FirebaseFirestore in Frameworks */,
			);
			runOnlyForDeploymentPostprocessing = 0;
		};
		108D36D02AF57C6C005DAD22 /* Frameworks */ = {
			isa = PBXFrameworksBuildPhase;
			buildActionMask = 2147483647;
			files = (
			);
			runOnlyForDeploymentPostprocessing = 0;
		};
		108D36DA2AF57C6C005DAD22 /* Frameworks */ = {
			isa = PBXFrameworksBuildPhase;
			buildActionMask = 2147483647;
			files = (
			);
			runOnlyForDeploymentPostprocessing = 0;
		};
/* End PBXFrameworksBuildPhase section */

/* Begin PBXGroup section */
		1032E9C02AF5868C00001048 /* Frameworks */ = {
			isa = PBXGroup;
			children = (
				00941C7DA6F54FA2FEAEC180 /* Pods_GolfApp.framework */,
			);
			name = Frameworks;
			sourceTree = "<group>";
		};
		1032E9D72AF857CD00001048 /* Walkthrough */ = {
			isa = PBXGroup;
			children = (
				1032E9D52AF7FFEB00001048 /* Step1View.swift */,
				1032E9D82AF8580C00001048 /* Step2View.swift */,
				1032E9DA2AF9172F00001048 /* Step3View.swift */,
			);
			path = Walkthrough;
			sourceTree = "<group>";
		};
		1032E9DE2AF9E53100001048 /* Message */ = {
			isa = PBXGroup;
			children = (
				10B1D3632B0D6F75004D45E7 /* NewChatView.swift */,
				1032E9E32AF9EE4A00001048 /* ChatView.swift */,
				10B1D3602B0D42C2004D45E7 /* NewMessageView.swift */,
				1032E9EC2AFB1E5300001048 /* AllChatsView.swift */,
				10B1D3622B0D6F25004D45E7 /* ViewChildren */,
			);
			path = Message;
			sourceTree = "<group>";
		};
		108D36BA2AF57C6A005DAD22 = {
			isa = PBXGroup;
			children = (
				1032E9BB2AF584EB00001048 /* GoogleService-Info.plist */,
				108D36C52AF57C6A005DAD22 /* GolfApp */,
				108D36D62AF57C6C005DAD22 /* GolfAppTests */,
				108D36E02AF57C6C005DAD22 /* GolfAppUITests */,
				108D36C42AF57C6A005DAD22 /* Products */,
				1032E9C02AF5868C00001048 /* Frameworks */,
				F0460787AB6B9497A1F1C862 /* Pods */,
			);
			sourceTree = "<group>";
		};
		108D36C42AF57C6A005DAD22 /* Products */ = {
			isa = PBXGroup;
			children = (
				108D36C32AF57C6A005DAD22 /* GolfApp.app */,
				108D36D32AF57C6C005DAD22 /* GolfAppTests.xctest */,
				108D36DD2AF57C6C005DAD22 /* GolfAppUITests.xctest */,
			);
			name = Products;
			sourceTree = "<group>";
		};
		108D36C52AF57C6A005DAD22 /* GolfApp */ = {
			isa = PBXGroup;
			children = (
				10598C1A2B38BCAF00F6CB78 /* Info.plist */,
				10696A3C2B325BA30011FE9B /* GolfApp.entitlements */,
				108D36F22AF57C94005DAD22 /* ViewModel */,
				108D36F12AF57C8F005DAD22 /* View */,
				108D36F02AF57C85005DAD22 /* Model */,
				108D36C62AF57C6A005DAD22 /* GolfAppApp.swift */,
				108D36CA2AF57C6B005DAD22 /* Assets.xcassets */,
				1032E9E62AF9F41D00001048 /* Extensions.swift */,
				108D36CC2AF57C6B005DAD22 /* Preview Content */,
			);
			path = GolfApp;
			sourceTree = "<group>";
		};
		108D36CC2AF57C6B005DAD22 /* Preview Content */ = {
			isa = PBXGroup;
			children = (
				108D36CD2AF57C6B005DAD22 /* Preview Assets.xcassets */,
			);
			path = "Preview Content";
			sourceTree = "<group>";
		};
		108D36D62AF57C6C005DAD22 /* GolfAppTests */ = {
			isa = PBXGroup;
			children = (
				108D36D72AF57C6C005DAD22 /* GolfAppTests.swift */,
			);
			path = GolfAppTests;
			sourceTree = "<group>";
		};
		108D36E02AF57C6C005DAD22 /* GolfAppUITests */ = {
			isa = PBXGroup;
			children = (
				108D36E12AF57C6C005DAD22 /* GolfAppUITests.swift */,
				108D36E32AF57C6C005DAD22 /* GolfAppUITestsLaunchTests.swift */,
			);
			path = GolfAppUITests;
			sourceTree = "<group>";
		};
		108D36F02AF57C85005DAD22 /* Model */ = {
			isa = PBXGroup;
			children = (
				1032E9C72AF665BF00001048 /* User.swift */,
				1032E9DC2AF9E43B00001048 /* Chat.swift */,
				1006349A2B13EDA8005CF4CB /* Post.swift */,
			);
			path = Model;
			sourceTree = "<group>";
		};
		108D36F12AF57C8F005DAD22 /* View */ = {
			isa = PBXGroup;
			children = (
				10B1D36D2B104129004D45E7 /* Profile */,
				1032E9DE2AF9E53100001048 /* Message */,
				1032E9D72AF857CD00001048 /* Walkthrough */,
				108D36C82AF57C6A005DAD22 /* LoginView.swift */,
				10B1D3652B0EBA40004D45E7 /* ScoreCardView.swift */,
				108D36F32AF57FB0005DAD22 /* RegisterView.swift */,
				1032E9CB2AF68C8E00001048 /* LandingView.swift */,
				1032E9CD2AF6928200001048 /* HomeView.swift */,
				10B1D3672B100AA0004D45E7 /* PostView.swift */,
				10B1D3722B1102D7004D45E7 /* SearchDetailView.swift */,
				10B1D3742B110A73004D45E7 /* PersonCellView.swift */,
				100634982B1390FA005CF4CB /* AlertView.swift */,
				1006349C2B16D3CD005CF4CB /* NewPostView.swift */,
				108C32962B1976FB008F59F9 /* PostDetailView.swift */,
				108C329A2B1FD103008F59F9 /* OtherUserProfileView.swift */,
				10551A032B22BC0A00218E1D /* LoadingView.swift */,
				10696A2B2B2E1FDC0011FE9B /* SettingsView.swift */,
				10B0C3A62B369F59003C6F31 /* PopoverScoreCardView.swift */,
			);
			path = View;
			sourceTree = "<group>";
		};
		108D36F22AF57C94005DAD22 /* ViewModel */ = {
			isa = PBXGroup;
			children = (
				1032E9C92AF66B1100001048 /* AuthViewModel.swift */,
				1032E9EA2AFB1BDC00001048 /* MessageViewModel.swift */,
				108C32982B1D4AB3008F59F9 /* NotificationViewModel.swift */,
				10696A3A2B3259530011FE9B /* AppDelegate.swift */,
				10B0C3A82B38AD70003C6F31 /* CourseSearchViewModel.swift */,
			);
			path = ViewModel;
			sourceTree = "<group>";
		};
		10B1D3622B0D6F25004D45E7 /* ViewChildren */ = {
			isa = PBXGroup;
			children = (
				1032E9DF2AF9E54000001048 /* MessageBubble.swift */,
				1032E9E12AF9EB3800001048 /* TopRow.swift */,
				1032E9E82AF9F99100001048 /* MessageField.swift */,
				10B1D35E2B0C2BEB004D45E7 /* AllChatCellView.swift */,
			);
			path = ViewChildren;
			sourceTree = "<group>";
		};
		10B1D36D2B104129004D45E7 /* Profile */ = {
			isa = PBXGroup;
			children = (
				1032E9D12AF7D53B00001048 /* ProfileImage.swift */,
				10B1D3692B103F7A004D45E7 /* ProfileHeadingView.swift */,
				10B1D36B2B10403E004D45E7 /* ProfileInfoView.swift */,
				10B1D36E2B10425D004D45E7 /* EditProfileView.swift */,
				108D36F52AF582AB005DAD22 /* ProfileView.swift */,
			);
			path = Profile;
			sourceTree = "<group>";
		};
		F0460787AB6B9497A1F1C862 /* Pods */ = {
			isa = PBXGroup;
			children = (
				87228187871D5A3ABF20EF67 /* Pods-GolfApp.debug.xcconfig */,
				FC6AA8F33061E5F19C105360 /* Pods-GolfApp.release.xcconfig */,
				AA09D7336AA6011BA26F8649 /* Pods-Par Pals.debug.xcconfig */,
				7931625F0A1C2E4CCCB735C6 /* Pods-Par Pals.release.xcconfig */,
			);
			path = Pods;
			sourceTree = "<group>";
		};
/* End PBXGroup section */

/* Begin PBXNativeTarget section */
		108D36C22AF57C6A005DAD22 /* GolfApp */ = {
			isa = PBXNativeTarget;
			buildConfigurationList = 108D36E72AF57C6C005DAD22 /* Build configuration list for PBXNativeTarget "GolfApp" */;
			buildPhases = (
				5FD45A917D156195D693F253 /* [CP] Check Pods Manifest.lock */,
				108D36BF2AF57C6A005DAD22 /* Sources */,
				108D36C02AF57C6A005DAD22 /* Frameworks */,
				108D36C12AF57C6A005DAD22 /* Resources */,
				1BA6265E854D7ACCD9237104 /* [CP] Embed Pods Frameworks */,
			);
			buildRules = (
			);
			dependencies = (
			);
			name = GolfApp;
			packageProductDependencies = (
				100634962B1303DA005CF4CB /* AlertToast */,
				10696A2E2B3248CF0011FE9B /* FirebaseStorage */,
				10696A302B3248E00011FE9B /* FirebaseAuth */,
				10696A322B3248F80011FE9B /* FirebaseDatabase */,
				10696A342B3249030011FE9B /* FirebaseMessaging */,
				10696A362B3249390011FE9B /* FirebaseFirestore */,
			);
			productName = GolfApp;
			productReference = 108D36C32AF57C6A005DAD22 /* GolfApp.app */;
			productType = "com.apple.product-type.application";
		};
		108D36D22AF57C6C005DAD22 /* GolfAppTests */ = {
			isa = PBXNativeTarget;
			buildConfigurationList = 108D36EA2AF57C6C005DAD22 /* Build configuration list for PBXNativeTarget "GolfAppTests" */;
			buildPhases = (
				108D36CF2AF57C6C005DAD22 /* Sources */,
				108D36D02AF57C6C005DAD22 /* Frameworks */,
				108D36D12AF57C6C005DAD22 /* Resources */,
			);
			buildRules = (
			);
			dependencies = (
				108D36D52AF57C6C005DAD22 /* PBXTargetDependency */,
			);
			name = GolfAppTests;
			productName = GolfAppTests;
			productReference = 108D36D32AF57C6C005DAD22 /* GolfAppTests.xctest */;
			productType = "com.apple.product-type.bundle.unit-test";
		};
		108D36DC2AF57C6C005DAD22 /* GolfAppUITests */ = {
			isa = PBXNativeTarget;
			buildConfigurationList = 108D36ED2AF57C6C005DAD22 /* Build configuration list for PBXNativeTarget "GolfAppUITests" */;
			buildPhases = (
				108D36D92AF57C6C005DAD22 /* Sources */,
				108D36DA2AF57C6C005DAD22 /* Frameworks */,
				108D36DB2AF57C6C005DAD22 /* Resources */,
			);
			buildRules = (
			);
			dependencies = (
				108D36DF2AF57C6C005DAD22 /* PBXTargetDependency */,
			);
			name = GolfAppUITests;
			productName = GolfAppUITests;
			productReference = 108D36DD2AF57C6C005DAD22 /* GolfAppUITests.xctest */;
			productType = "com.apple.product-type.bundle.ui-testing";
		};
/* End PBXNativeTarget section */

/* Begin PBXProject section */
		108D36BB2AF57C6A005DAD22 /* Project object */ = {
			isa = PBXProject;
			attributes = {
				BuildIndependentTargetsInParallel = 1;
				LastSwiftUpdateCheck = 1500;
				LastUpgradeCheck = 1500;
				TargetAttributes = {
					108D36C22AF57C6A005DAD22 = {
						CreatedOnToolsVersion = 15.0;
					};
					108D36D22AF57C6C005DAD22 = {
						CreatedOnToolsVersion = 15.0;
						TestTargetID = 108D36C22AF57C6A005DAD22;
					};
					108D36DC2AF57C6C005DAD22 = {
						CreatedOnToolsVersion = 15.0;
						TestTargetID = 108D36C22AF57C6A005DAD22;
					};
				};
			};
			buildConfigurationList = 108D36BE2AF57C6A005DAD22 /* Build configuration list for PBXProject "GolfApp" */;
			compatibilityVersion = "Xcode 14.0";
			developmentRegion = en;
			hasScannedForEncodings = 0;
			knownRegions = (
				en,
				Base,
			);
			mainGroup = 108D36BA2AF57C6A005DAD22;
			packageReferences = (
				100634952B1303DA005CF4CB /* XCRemoteSwiftPackageReference "AlertToast" */,
				10696A2D2B3245910011FE9B /* XCRemoteSwiftPackageReference "firebase-ios-sdk" */,
			);
			productRefGroup = 108D36C42AF57C6A005DAD22 /* Products */;
			projectDirPath = "";
			projectRoot = "";
			targets = (
				108D36C22AF57C6A005DAD22 /* GolfApp */,
				108D36D22AF57C6C005DAD22 /* GolfAppTests */,
				108D36DC2AF57C6C005DAD22 /* GolfAppUITests */,
			);
		};
/* End PBXProject section */

/* Begin PBXResourcesBuildPhase section */
		108D36C12AF57C6A005DAD22 /* Resources */ = {
			isa = PBXResourcesBuildPhase;
			buildActionMask = 2147483647;
			files = (
				108D36CE2AF57C6B005DAD22 /* Preview Assets.xcassets in Resources */,
				108D36CB2AF57C6B005DAD22 /* Assets.xcassets in Resources */,
				1032E9BC2AF584F400001048 /* GoogleService-Info.plist in Resources */,
			);
			runOnlyForDeploymentPostprocessing = 0;
		};
		108D36D12AF57C6C005DAD22 /* Resources */ = {
			isa = PBXResourcesBuildPhase;
			buildActionMask = 2147483647;
			files = (
				1032E9BD2AF5851000001048 /* GoogleService-Info.plist in Resources */,
			);
			runOnlyForDeploymentPostprocessing = 0;
		};
		108D36DB2AF57C6C005DAD22 /* Resources */ = {
			isa = PBXResourcesBuildPhase;
			buildActionMask = 2147483647;
			files = (
				1032E9BE2AF5851100001048 /* GoogleService-Info.plist in Resources */,
			);
			runOnlyForDeploymentPostprocessing = 0;
		};
/* End PBXResourcesBuildPhase section */

/* Begin PBXShellScriptBuildPhase section */
		1BA6265E854D7ACCD9237104 /* [CP] Embed Pods Frameworks */ = {
			isa = PBXShellScriptBuildPhase;
			buildActionMask = 2147483647;
			files = (
			);
			inputFileListPaths = (
				"${PODS_ROOT}/Target Support Files/Pods-GolfApp/Pods-GolfApp-frameworks-${CONFIGURATION}-input-files.xcfilelist",
			);
			name = "[CP] Embed Pods Frameworks";
			outputFileListPaths = (
				"${PODS_ROOT}/Target Support Files/Pods-GolfApp/Pods-GolfApp-frameworks-${CONFIGURATION}-output-files.xcfilelist",
			);
			runOnlyForDeploymentPostprocessing = 0;
			shellPath = /bin/sh;
			shellScript = "\"${PODS_ROOT}/Target Support Files/Pods-GolfApp/Pods-GolfApp-frameworks.sh\"\n";
			showEnvVarsInLog = 0;
		};
		5FD45A917D156195D693F253 /* [CP] Check Pods Manifest.lock */ = {
			isa = PBXShellScriptBuildPhase;
			buildActionMask = 2147483647;
			files = (
			);
			inputFileListPaths = (
			);
			inputPaths = (
				"${PODS_PODFILE_DIR_PATH}/Podfile.lock",
				"${PODS_ROOT}/Manifest.lock",
			);
			name = "[CP] Check Pods Manifest.lock";
			outputFileListPaths = (
			);
			outputPaths = (
				"$(DERIVED_FILE_DIR)/Pods-GolfApp-checkManifestLockResult.txt",
			);
			runOnlyForDeploymentPostprocessing = 0;
			shellPath = /bin/sh;
			shellScript = "diff \"${PODS_PODFILE_DIR_PATH}/Podfile.lock\" \"${PODS_ROOT}/Manifest.lock\" > /dev/null\nif [ $? != 0 ] ; then\n    # print error to STDERR\n    echo \"error: The sandbox is not in sync with the Podfile.lock. Run 'pod install' or update your CocoaPods installation.\" >&2\n    exit 1\nfi\n# This output is used by Xcode 'outputs' to avoid re-running this script phase.\necho \"SUCCESS\" > \"${SCRIPT_OUTPUT_FILE_0}\"\n";
			showEnvVarsInLog = 0;
		};
/* End PBXShellScriptBuildPhase section */

/* Begin PBXSourcesBuildPhase section */
		108D36BF2AF57C6A005DAD22 /* Sources */ = {
			isa = PBXSourcesBuildPhase;
			buildActionMask = 2147483647;
			files = (
				10B1D36C2B10403E004D45E7 /* ProfileInfoView.swift in Sources */,
				1032E9DB2AF9172F00001048 /* Step3View.swift in Sources */,
				10B1D3642B0D6F75004D45E7 /* NewChatView.swift in Sources */,
				108D36F62AF582AB005DAD22 /* ProfileView.swift in Sources */,
				100634992B1390FA005CF4CB /* AlertView.swift in Sources */,
				10551A042B22BC0A00218E1D /* LoadingView.swift in Sources */,
				10B1D35F2B0C2BEB004D45E7 /* AllChatCellView.swift in Sources */,
				10696A3B2B3259530011FE9B /* AppDelegate.swift in Sources */,
				10B1D3662B0EBA40004D45E7 /* ScoreCardView.swift in Sources */,
				1032E9E22AF9EB3800001048 /* TopRow.swift in Sources */,
				108D36F42AF57FB0005DAD22 /* RegisterView.swift in Sources */,
				10B1D3732B1102D7004D45E7 /* SearchDetailView.swift in Sources */,
				1032E9E42AF9EE4A00001048 /* ChatView.swift in Sources */,
				1006349B2B13EDA8005CF4CB /* Post.swift in Sources */,
				10B1D3752B110A73004D45E7 /* PersonCellView.swift in Sources */,
				10B1D3682B100AA0004D45E7 /* PostView.swift in Sources */,
				1032E9CA2AF66B1100001048 /* AuthViewModel.swift in Sources */,
				10B0C3A72B369F59003C6F31 /* PopoverScoreCardView.swift in Sources */,
				1032E9D62AF7FFEB00001048 /* Step1View.swift in Sources */,
				1032E9D92AF8580C00001048 /* Step2View.swift in Sources */,
				108D36C92AF57C6A005DAD22 /* LoginView.swift in Sources */,
				10B1D36F2B10425D004D45E7 /* EditProfileView.swift in Sources */,
				1032E9D22AF7D53B00001048 /* ProfileImage.swift in Sources */,
				10B0C3A92B38AD70003C6F31 /* CourseSearchViewModel.swift in Sources */,
				1032E9E92AF9F99100001048 /* MessageField.swift in Sources */,
				1032E9E02AF9E54000001048 /* MessageBubble.swift in Sources */,
				1032E9CC2AF68C8E00001048 /* LandingView.swift in Sources */,
				10B1D36A2B103F7A004D45E7 /* ProfileHeadingView.swift in Sources */,
				1032E9EB2AFB1BDC00001048 /* MessageViewModel.swift in Sources */,
				1032E9DD2AF9E43B00001048 /* Chat.swift in Sources */,
				1032E9CE2AF6928200001048 /* HomeView.swift in Sources */,
				1006349D2B16D3CD005CF4CB /* NewPostView.swift in Sources */,
				1032E9ED2AFB1E5300001048 /* AllChatsView.swift in Sources */,
				1032E9E72AF9F41D00001048 /* Extensions.swift in Sources */,
				108C329B2B1FD103008F59F9 /* OtherUserProfileView.swift in Sources */,
				10B1D3612B0D42C2004D45E7 /* NewMessageView.swift in Sources */,
				108C32992B1D4AB3008F59F9 /* NotificationViewModel.swift in Sources */,
				108C32972B1976FB008F59F9 /* PostDetailView.swift in Sources */,
				1032E9C82AF665BF00001048 /* User.swift in Sources */,
				108D36C72AF57C6A005DAD22 /* GolfAppApp.swift in Sources */,
				10696A2C2B2E1FDC0011FE9B /* SettingsView.swift in Sources */,
			);
			runOnlyForDeploymentPostprocessing = 0;
		};
		108D36CF2AF57C6C005DAD22 /* Sources */ = {
			isa = PBXSourcesBuildPhase;
			buildActionMask = 2147483647;
			files = (
				108D36D82AF57C6C005DAD22 /* GolfAppTests.swift in Sources */,
			);
			runOnlyForDeploymentPostprocessing = 0;
		};
		108D36D92AF57C6C005DAD22 /* Sources */ = {
			isa = PBXSourcesBuildPhase;
			buildActionMask = 2147483647;
			files = (
				108D36E42AF57C6C005DAD22 /* GolfAppUITestsLaunchTests.swift in Sources */,
				108D36E22AF57C6C005DAD22 /* GolfAppUITests.swift in Sources */,
			);
			runOnlyForDeploymentPostprocessing = 0;
		};
/* End PBXSourcesBuildPhase section */

/* Begin PBXTargetDependency section */
		108D36D52AF57C6C005DAD22 /* PBXTargetDependency */ = {
			isa = PBXTargetDependency;
			target = 108D36C22AF57C6A005DAD22 /* GolfApp */;
			targetProxy = 108D36D42AF57C6C005DAD22 /* PBXContainerItemProxy */;
		};
		108D36DF2AF57C6C005DAD22 /* PBXTargetDependency */ = {
			isa = PBXTargetDependency;
			target = 108D36C22AF57C6A005DAD22 /* GolfApp */;
			targetProxy = 108D36DE2AF57C6C005DAD22 /* PBXContainerItemProxy */;
		};
/* End PBXTargetDependency section */

/* Begin XCBuildConfiguration section */
		108D36E52AF57C6C005DAD22 /* Debug */ = {
			isa = XCBuildConfiguration;
			buildSettings = {
				ALWAYS_SEARCH_USER_PATHS = NO;
				ASSETCATALOG_COMPILER_GENERATE_SWIFT_ASSET_SYMBOL_EXTENSIONS = YES;
				CLANG_ANALYZER_NONNULL = YES;
				CLANG_ANALYZER_NUMBER_OBJECT_CONVERSION = YES_AGGRESSIVE;
				CLANG_CXX_LANGUAGE_STANDARD = "gnu++20";
				CLANG_ENABLE_MODULES = YES;
				CLANG_ENABLE_OBJC_ARC = YES;
				CLANG_ENABLE_OBJC_WEAK = YES;
				CLANG_WARN_BLOCK_CAPTURE_AUTORELEASING = YES;
				CLANG_WARN_BOOL_CONVERSION = YES;
				CLANG_WARN_COMMA = YES;
				CLANG_WARN_CONSTANT_CONVERSION = YES;
				CLANG_WARN_DEPRECATED_OBJC_IMPLEMENTATIONS = YES;
				CLANG_WARN_DIRECT_OBJC_ISA_USAGE = YES_ERROR;
				CLANG_WARN_DOCUMENTATION_COMMENTS = YES;
				CLANG_WARN_EMPTY_BODY = YES;
				CLANG_WARN_ENUM_CONVERSION = YES;
				CLANG_WARN_INFINITE_RECURSION = YES;
				CLANG_WARN_INT_CONVERSION = YES;
				CLANG_WARN_NON_LITERAL_NULL_CONVERSION = YES;
				CLANG_WARN_OBJC_IMPLICIT_RETAIN_SELF = YES;
				CLANG_WARN_OBJC_LITERAL_CONVERSION = YES;
				CLANG_WARN_OBJC_ROOT_CLASS = YES_ERROR;
				CLANG_WARN_QUOTED_INCLUDE_IN_FRAMEWORK_HEADER = YES;
				CLANG_WARN_RANGE_LOOP_ANALYSIS = YES;
				CLANG_WARN_STRICT_PROTOTYPES = YES;
				CLANG_WARN_SUSPICIOUS_MOVE = YES;
				CLANG_WARN_UNGUARDED_AVAILABILITY = YES_AGGRESSIVE;
				CLANG_WARN_UNREACHABLE_CODE = YES;
				CLANG_WARN__DUPLICATE_METHOD_MATCH = YES;
				COPY_PHASE_STRIP = NO;
				DEBUG_INFORMATION_FORMAT = dwarf;
				ENABLE_STRICT_OBJC_MSGSEND = YES;
				ENABLE_TESTABILITY = YES;
				ENABLE_USER_SCRIPT_SANDBOXING = YES;
				GCC_C_LANGUAGE_STANDARD = gnu17;
				GCC_DYNAMIC_NO_PIC = NO;
				GCC_NO_COMMON_BLOCKS = YES;
				GCC_OPTIMIZATION_LEVEL = 0;
				GCC_PREPROCESSOR_DEFINITIONS = (
					"DEBUG=1",
					"$(inherited)",
				);
				GCC_WARN_64_TO_32_BIT_CONVERSION = YES;
				GCC_WARN_ABOUT_RETURN_TYPE = YES_ERROR;
				GCC_WARN_UNDECLARED_SELECTOR = YES;
				GCC_WARN_UNINITIALIZED_AUTOS = YES_AGGRESSIVE;
				GCC_WARN_UNUSED_FUNCTION = YES;
				GCC_WARN_UNUSED_VARIABLE = YES;
				IPHONEOS_DEPLOYMENT_TARGET = 17.0;
				LOCALIZATION_PREFERS_STRING_CATALOGS = YES;
				MTL_ENABLE_DEBUG_INFO = INCLUDE_SOURCE;
				MTL_FAST_MATH = YES;
				ONLY_ACTIVE_ARCH = YES;
				SDKROOT = iphoneos;
				SWIFT_ACTIVE_COMPILATION_CONDITIONS = "DEBUG $(inherited)";
				SWIFT_OPTIMIZATION_LEVEL = "-Onone";
			};
			name = Debug;
		};
		108D36E62AF57C6C005DAD22 /* Release */ = {
			isa = XCBuildConfiguration;
			buildSettings = {
				ALWAYS_SEARCH_USER_PATHS = NO;
				ASSETCATALOG_COMPILER_GENERATE_SWIFT_ASSET_SYMBOL_EXTENSIONS = YES;
				CLANG_ANALYZER_NONNULL = YES;
				CLANG_ANALYZER_NUMBER_OBJECT_CONVERSION = YES_AGGRESSIVE;
				CLANG_CXX_LANGUAGE_STANDARD = "gnu++20";
				CLANG_ENABLE_MODULES = YES;
				CLANG_ENABLE_OBJC_ARC = YES;
				CLANG_ENABLE_OBJC_WEAK = YES;
				CLANG_WARN_BLOCK_CAPTURE_AUTORELEASING = YES;
				CLANG_WARN_BOOL_CONVERSION = YES;
				CLANG_WARN_COMMA = YES;
				CLANG_WARN_CONSTANT_CONVERSION = YES;
				CLANG_WARN_DEPRECATED_OBJC_IMPLEMENTATIONS = YES;
				CLANG_WARN_DIRECT_OBJC_ISA_USAGE = YES_ERROR;
				CLANG_WARN_DOCUMENTATION_COMMENTS = YES;
				CLANG_WARN_EMPTY_BODY = YES;
				CLANG_WARN_ENUM_CONVERSION = YES;
				CLANG_WARN_INFINITE_RECURSION = YES;
				CLANG_WARN_INT_CONVERSION = YES;
				CLANG_WARN_NON_LITERAL_NULL_CONVERSION = YES;
				CLANG_WARN_OBJC_IMPLICIT_RETAIN_SELF = YES;
				CLANG_WARN_OBJC_LITERAL_CONVERSION = YES;
				CLANG_WARN_OBJC_ROOT_CLASS = YES_ERROR;
				CLANG_WARN_QUOTED_INCLUDE_IN_FRAMEWORK_HEADER = YES;
				CLANG_WARN_RANGE_LOOP_ANALYSIS = YES;
				CLANG_WARN_STRICT_PROTOTYPES = YES;
				CLANG_WARN_SUSPICIOUS_MOVE = YES;
				CLANG_WARN_UNGUARDED_AVAILABILITY = YES_AGGRESSIVE;
				CLANG_WARN_UNREACHABLE_CODE = YES;
				CLANG_WARN__DUPLICATE_METHOD_MATCH = YES;
				COPY_PHASE_STRIP = NO;
				DEBUG_INFORMATION_FORMAT = "dwarf-with-dsym";
				ENABLE_NS_ASSERTIONS = NO;
				ENABLE_STRICT_OBJC_MSGSEND = YES;
				ENABLE_USER_SCRIPT_SANDBOXING = YES;
				GCC_C_LANGUAGE_STANDARD = gnu17;
				GCC_NO_COMMON_BLOCKS = YES;
				GCC_WARN_64_TO_32_BIT_CONVERSION = YES;
				GCC_WARN_ABOUT_RETURN_TYPE = YES_ERROR;
				GCC_WARN_UNDECLARED_SELECTOR = YES;
				GCC_WARN_UNINITIALIZED_AUTOS = YES_AGGRESSIVE;
				GCC_WARN_UNUSED_FUNCTION = YES;
				GCC_WARN_UNUSED_VARIABLE = YES;
				IPHONEOS_DEPLOYMENT_TARGET = 17.0;
				LOCALIZATION_PREFERS_STRING_CATALOGS = YES;
				MTL_ENABLE_DEBUG_INFO = NO;
				MTL_FAST_MATH = YES;
				SDKROOT = iphoneos;
				SWIFT_COMPILATION_MODE = wholemodule;
				VALIDATE_PRODUCT = YES;
			};
			name = Release;
		};
		108D36E82AF57C6C005DAD22 /* Debug */ = {
			isa = XCBuildConfiguration;
			baseConfigurationReference = 87228187871D5A3ABF20EF67 /* Pods-GolfApp.debug.xcconfig */;
			buildSettings = {
				ASSETCATALOG_COMPILER_APPICON_NAME = AppIcon;
				ASSETCATALOG_COMPILER_GLOBAL_ACCENT_COLOR_NAME = AccentColor;
				CODE_SIGN_ENTITLEMENTS = GolfApp/GolfApp.entitlements;
				CODE_SIGN_STYLE = Automatic;
				CURRENT_PROJECT_VERSION = 1;
				DEVELOPMENT_ASSET_PATHS = "\"GolfApp/Preview Content\"";
				DEVELOPMENT_TEAM = K4FNCP5632;
				ENABLE_PREVIEWS = YES;
				ENABLE_USER_SCRIPT_SANDBOXING = NO;
				GENERATE_INFOPLIST_FILE = YES;
				INFOPLIST_FILE = GolfApp/Info.plist;
				INFOPLIST_KEY_UIApplicationSceneManifest_Generation = YES;
				INFOPLIST_KEY_UIApplicationSupportsIndirectInputEvents = YES;
				INFOPLIST_KEY_UILaunchScreen_Generation = YES;
				INFOPLIST_KEY_UISupportedInterfaceOrientations_iPad = "UIInterfaceOrientationPortrait UIInterfaceOrientationPortraitUpsideDown UIInterfaceOrientationLandscapeLeft UIInterfaceOrientationLandscapeRight";
				INFOPLIST_KEY_UISupportedInterfaceOrientations_iPhone = "UIInterfaceOrientationPortrait UIInterfaceOrientationLandscapeLeft UIInterfaceOrientationLandscapeRight";
				LD_RUNPATH_SEARCH_PATHS = (
					"$(inherited)",
					"@executable_path/Frameworks",
				);
				MARKETING_VERSION = 1.0;
				PRODUCT_BUNDLE_IDENTIFIER = com.zackboutchyard.golfApp.GolfApp;
				PRODUCT_NAME = "$(TARGET_NAME)";
				SWIFT_EMIT_LOC_STRINGS = YES;
				SWIFT_VERSION = 5.0;
				TARGETED_DEVICE_FAMILY = "1,2";
			};
			name = Debug;
		};
		108D36E92AF57C6C005DAD22 /* Release */ = {
			isa = XCBuildConfiguration;
			baseConfigurationReference = FC6AA8F33061E5F19C105360 /* Pods-GolfApp.release.xcconfig */;
			buildSettings = {
				ASSETCATALOG_COMPILER_APPICON_NAME = AppIcon;
				ASSETCATALOG_COMPILER_GLOBAL_ACCENT_COLOR_NAME = AccentColor;
				CODE_SIGN_ENTITLEMENTS = GolfApp/GolfApp.entitlements;
				CODE_SIGN_STYLE = Automatic;
				CURRENT_PROJECT_VERSION = 1;
				DEVELOPMENT_ASSET_PATHS = "\"GolfApp/Preview Content\"";
				DEVELOPMENT_TEAM = K4FNCP5632;
				ENABLE_PREVIEWS = YES;
				ENABLE_USER_SCRIPT_SANDBOXING = NO;
				GENERATE_INFOPLIST_FILE = YES;
				INFOPLIST_FILE = GolfApp/Info.plist;
				INFOPLIST_KEY_UIApplicationSceneManifest_Generation = YES;
				INFOPLIST_KEY_UIApplicationSupportsIndirectInputEvents = YES;
				INFOPLIST_KEY_UILaunchScreen_Generation = YES;
				INFOPLIST_KEY_UISupportedInterfaceOrientations_iPad = "UIInterfaceOrientationPortrait UIInterfaceOrientationPortraitUpsideDown UIInterfaceOrientationLandscapeLeft UIInterfaceOrientationLandscapeRight";
				INFOPLIST_KEY_UISupportedInterfaceOrientations_iPhone = "UIInterfaceOrientationPortrait UIInterfaceOrientationLandscapeLeft UIInterfaceOrientationLandscapeRight";
				LD_RUNPATH_SEARCH_PATHS = (
					"$(inherited)",
					"@executable_path/Frameworks",
				);
				MARKETING_VERSION = 1.0;
				PRODUCT_BUNDLE_IDENTIFIER = com.zackboutchyard.golfApp.GolfApp;
				PRODUCT_NAME = "$(TARGET_NAME)";
				SWIFT_EMIT_LOC_STRINGS = YES;
				SWIFT_VERSION = 5.0;
				TARGETED_DEVICE_FAMILY = "1,2";
			};
			name = Release;
		};
		108D36EB2AF57C6C005DAD22 /* Debug */ = {
			isa = XCBuildConfiguration;
			buildSettings = {
				ALWAYS_EMBED_SWIFT_STANDARD_LIBRARIES = YES;
				BUNDLE_LOADER = "$(TEST_HOST)";
				CODE_SIGN_STYLE = Automatic;
				CURRENT_PROJECT_VERSION = 1;
				DEVELOPMENT_TEAM = Q7899LD2FG;
				GENERATE_INFOPLIST_FILE = YES;
				IPHONEOS_DEPLOYMENT_TARGET = 17.0;
				MARKETING_VERSION = 1.0;
				PRODUCT_BUNDLE_IDENTIFIER = com.zackboutchyard.login.GolfAppTests;
				PRODUCT_NAME = "$(TARGET_NAME)";
				SWIFT_EMIT_LOC_STRINGS = NO;
				SWIFT_VERSION = 5.0;
				TARGETED_DEVICE_FAMILY = "1,2";
				TEST_HOST = "$(BUILT_PRODUCTS_DIR)/GolfApp.app/$(BUNDLE_EXECUTABLE_FOLDER_PATH)/GolfApp";
			};
			name = Debug;
		};
		108D36EC2AF57C6C005DAD22 /* Release */ = {
			isa = XCBuildConfiguration;
			buildSettings = {
				ALWAYS_EMBED_SWIFT_STANDARD_LIBRARIES = YES;
				BUNDLE_LOADER = "$(TEST_HOST)";
				CODE_SIGN_STYLE = Automatic;
				CURRENT_PROJECT_VERSION = 1;
				DEVELOPMENT_TEAM = Q7899LD2FG;
				GENERATE_INFOPLIST_FILE = YES;
				IPHONEOS_DEPLOYMENT_TARGET = 17.0;
				MARKETING_VERSION = 1.0;
				PRODUCT_BUNDLE_IDENTIFIER = com.zackboutchyard.login.GolfAppTests;
				PRODUCT_NAME = "$(TARGET_NAME)";
				SWIFT_EMIT_LOC_STRINGS = NO;
				SWIFT_VERSION = 5.0;
				TARGETED_DEVICE_FAMILY = "1,2";
				TEST_HOST = "$(BUILT_PRODUCTS_DIR)/GolfApp.app/$(BUNDLE_EXECUTABLE_FOLDER_PATH)/GolfApp";
			};
			name = Release;
		};
		108D36EE2AF57C6C005DAD22 /* Debug */ = {
			isa = XCBuildConfiguration;
			buildSettings = {
				ALWAYS_EMBED_SWIFT_STANDARD_LIBRARIES = YES;
				CODE_SIGN_STYLE = Automatic;
				CURRENT_PROJECT_VERSION = 1;
				DEVELOPMENT_TEAM = Q7899LD2FG;
				GENERATE_INFOPLIST_FILE = YES;
				MARKETING_VERSION = 1.0;
				PRODUCT_BUNDLE_IDENTIFIER = com.zackboutchyard.login.GolfAppUITests;
				PRODUCT_NAME = "$(TARGET_NAME)";
				SWIFT_EMIT_LOC_STRINGS = NO;
				SWIFT_VERSION = 5.0;
				TARGETED_DEVICE_FAMILY = "1,2";
				TEST_TARGET_NAME = GolfApp;
			};
			name = Debug;
		};
		108D36EF2AF57C6C005DAD22 /* Release */ = {
			isa = XCBuildConfiguration;
			buildSettings = {
				ALWAYS_EMBED_SWIFT_STANDARD_LIBRARIES = YES;
				CODE_SIGN_STYLE = Automatic;
				CURRENT_PROJECT_VERSION = 1;
				DEVELOPMENT_TEAM = Q7899LD2FG;
				GENERATE_INFOPLIST_FILE = YES;
				MARKETING_VERSION = 1.0;
				PRODUCT_BUNDLE_IDENTIFIER = com.zackboutchyard.login.GolfAppUITests;
				PRODUCT_NAME = "$(TARGET_NAME)";
				SWIFT_EMIT_LOC_STRINGS = NO;
				SWIFT_VERSION = 5.0;
				TARGETED_DEVICE_FAMILY = "1,2";
				TEST_TARGET_NAME = GolfApp;
			};
			name = Release;
		};
/* End XCBuildConfiguration section */

/* Begin XCConfigurationList section */
		108D36BE2AF57C6A005DAD22 /* Build configuration list for PBXProject "GolfApp" */ = {
			isa = XCConfigurationList;
			buildConfigurations = (
				108D36E52AF57C6C005DAD22 /* Debug */,
				108D36E62AF57C6C005DAD22 /* Release */,
			);
			defaultConfigurationIsVisible = 0;
			defaultConfigurationName = Release;
		};
		108D36E72AF57C6C005DAD22 /* Build configuration list for PBXNativeTarget "GolfApp" */ = {
			isa = XCConfigurationList;
			buildConfigurations = (
				108D36E82AF57C6C005DAD22 /* Debug */,
				108D36E92AF57C6C005DAD22 /* Release */,
			);
			defaultConfigurationIsVisible = 0;
			defaultConfigurationName = Release;
		};
		108D36EA2AF57C6C005DAD22 /* Build configuration list for PBXNativeTarget "GolfAppTests" */ = {
			isa = XCConfigurationList;
			buildConfigurations = (
				108D36EB2AF57C6C005DAD22 /* Debug */,
				108D36EC2AF57C6C005DAD22 /* Release */,
			);
			defaultConfigurationIsVisible = 0;
			defaultConfigurationName = Release;
		};
		108D36ED2AF57C6C005DAD22 /* Build configuration list for PBXNativeTarget "GolfAppUITests" */ = {
			isa = XCConfigurationList;
			buildConfigurations = (
				108D36EE2AF57C6C005DAD22 /* Debug */,
				108D36EF2AF57C6C005DAD22 /* Release */,
			);
			defaultConfigurationIsVisible = 0;
			defaultConfigurationName = Release;
		};
/* End XCConfigurationList section */

/* Begin XCRemoteSwiftPackageReference section */
		100634952B1303DA005CF4CB /* XCRemoteSwiftPackageReference "AlertToast" */ = {
			isa = XCRemoteSwiftPackageReference;
			repositoryURL = "https://github.com/elai950/AlertToast";
			requirement = {
				kind = upToNextMajorVersion;
				minimumVersion = 1.3.9;
			};
		};
		10696A2D2B3245910011FE9B /* XCRemoteSwiftPackageReference "firebase-ios-sdk" */ = {
			isa = XCRemoteSwiftPackageReference;
			repositoryURL = "https://github.com/firebase/firebase-ios-sdk";
			requirement = {
				kind = upToNextMajorVersion;
				minimumVersion = 10.19.1;
			};
		};
/* End XCRemoteSwiftPackageReference section */

/* Begin XCSwiftPackageProductDependency section */
		100634962B1303DA005CF4CB /* AlertToast */ = {
			isa = XCSwiftPackageProductDependency;
			package = 100634952B1303DA005CF4CB /* XCRemoteSwiftPackageReference "AlertToast" */;
			productName = AlertToast;
		};
		10696A2E2B3248CF0011FE9B /* FirebaseStorage */ = {
			isa = XCSwiftPackageProductDependency;
			package = 10696A2D2B3245910011FE9B /* XCRemoteSwiftPackageReference "firebase-ios-sdk" */;
			productName = FirebaseStorage;
		};
		10696A302B3248E00011FE9B /* FirebaseAuth */ = {
			isa = XCSwiftPackageProductDependency;
			package = 10696A2D2B3245910011FE9B /* XCRemoteSwiftPackageReference "firebase-ios-sdk" */;
			productName = FirebaseAuth;
		};
		10696A322B3248F80011FE9B /* FirebaseDatabase */ = {
			isa = XCSwiftPackageProductDependency;
			package = 10696A2D2B3245910011FE9B /* XCRemoteSwiftPackageReference "firebase-ios-sdk" */;
			productName = FirebaseDatabase;
		};
		10696A342B3249030011FE9B /* FirebaseMessaging */ = {
			isa = XCSwiftPackageProductDependency;
			package = 10696A2D2B3245910011FE9B /* XCRemoteSwiftPackageReference "firebase-ios-sdk" */;
			productName = FirebaseMessaging;
		};
		10696A362B3249390011FE9B /* FirebaseFirestore */ = {
			isa = XCSwiftPackageProductDependency;
			package = 10696A2D2B3245910011FE9B /* XCRemoteSwiftPackageReference "firebase-ios-sdk" */;
			productName = FirebaseFirestore;
		};
/* End XCSwiftPackageProductDependency section */
	};
	rootObject = 108D36BB2AF57C6A005DAD22 /* Project object */;
}
